
Microsoft Visual Studio Solution File, Format Version 12.00
# Visual Studio Version 16
VisualStudioVersion = 16.0.31129.286
MinimumVisualStudioVersion = 10.0.40219.1
Project("{FAE04EC0-301F-11D3-BF4B-00C04F79EFBC}") = "XiuZhenServerLauncher", "XiuZhenServerLauncher\XiuZhenServerLauncher.csproj", "{92C7E39F-C019-47D7-B56C-123051F7FB17}"
EndProject
Project("{FAE04EC0-301F-11D3-BF4B-00C04F79EFBC}") = "XiuZhenServerLauncher.ConsoleClient", "XiuZhenServerLauncher.ConsoleClient\XiuZhenServerLauncher.ConsoleClient.csproj", "{742E6477-B526-4AE5-909A-A4FC3E2B15CD}"
EndProject
Global
	GlobalSection(SolutionConfigurationPlatforms) = preSolution
		Debug|Any CPU = Debug|Any CPU
		Release|Any CPU = Release|Any CPU
	EndGlobalSection
	GlobalSection(ProjectConfigurationPlatforms) = postSolution
		{92C7E39F-C019-47D7-B56C-123051F7FB17}.Debug|Any CPU.ActiveCfg = Debug|Any CPU
		{92C7E39F-C019-47D7-B56C-123051F7FB17}.Debug|Any CPU.Build.0 = Debug|Any CPU
		{92C7E39F-C019-47D7-B56C-123051F7FB17}.Release|Any CPU.ActiveCfg = Release|Any CPU
		{92C7E39F-C019-47D7-B56C-123051F7FB17}.Release|Any CPU.Build.0 = Release|Any CPU
		{742E6477-B526-4AE5-909A-A4FC3E2B15CD}.Debug|Any CPU.ActiveCfg = Debug|Any CPU
		{742E6477-B526-4AE5-909A-A4FC3E2B15CD}.Debug|Any CPU.Build.0 = Debug|Any CPU
		{742E6477-B526-4AE5-909A-A4FC3E2B15CD}.Release|Any CPU.ActiveCfg = Release|Any CPU
		{742E6477-B526-4AE5-909A-A4FC3E2B15CD}.Release|Any CPU.Build.0 = Release|Any CPU
	EndGlobalSection
	GlobalSection(SolutionProperties) = preSolution
		HideSolutionNode = FALSE
	EndGlobalSection
	GlobalSection(ExtensibilityGlobals) = postSolution
		SolutionGuid = {24126FF2-C342-498A-9B86-AE8A2BB55FDC}
	EndGlobalSection
EndGlobal
